
Microsoft Visual Studio Solution File, Format Version 12.00
# Visual Studio Version 16
VisualStudioVersion = 16.0.31624.102
MinimumVisualStudioVersion = 10.0.40219.1
Project("{FAE04EC0-301F-11D3-BF4B-00C04F79EFBC}") = "Logical Programs", "Logical Programs\Logical Programs.csproj", "{1707052B-7E02-4223-9510-58E9282FC2D9}"
EndProject
Global
	GlobalSection(SolutionConfigurationPlatforms) = preSolution
		Debug|Any CPU = Debug|Any CPU
		Release|Any CPU = Release|Any CPU
	EndGlobalSection
	GlobalSection(ProjectConfigurationPlatforms) = postSolution
		{1707052B-7E02-4223-9510-58E9282FC2D9}.Debug|Any CPU.ActiveCfg = Debug|Any CPU
		{1707052B-7E02-4223-9510-58E9282FC2D9}.Debug|Any CPU.Build.0 = Debug|Any CPU
		{1707052B-7E02-4223-9510-58E9282FC2D9}.Release|Any CPU.ActiveCfg = Release|Any CPU
		{1707052B-7E02-4223-9510-58E9282FC2D9}.Release|Any CPU.Build.0 = Release|Any CPU
	EndGlobalSection
	GlobalSection(SolutionProperties) = preSolution
		HideSolutionNode = FALSE
	EndGlobalSection
	GlobalSection(ExtensibilityGlobals) = postSolution
		SolutionGuid = {8753DF20-FEB7-4588-829D-6BAB2EBC2441}
	EndGlobalSection
EndGlobal
